
Microsoft Visual Studio Solution File, Format Version 12.00
# Visual Studio 15
VisualStudioVersion = 15.0.28010.2050
MinimumVisualStudioVersion = 10.0.40219.1
Project("{FAE04EC0-301F-11D3-BF4B-00C04F79EFBC}") = "ExpensesApp.Android", "ExpensesApp\ExpensesApp.Android\ExpensesApp.Android.csproj", "{219FE6C9-9E4B-44C7-B797-0E1E38C5FABC}"
EndProject
Project("{FAE04EC0-301F-11D3-BF4B-00C04F79EFBC}") = "ExpensesApp.iOS", "ExpensesApp\ExpensesApp.iOS\ExpensesApp.iOS.csproj", "{FB4E8B0A-2C4E-4450-8D79-B28E3192A246}"
EndProject
Project("{FAE04EC0-301F-11D3-BF4B-00C04F79EFBC}") = "ExpensesApp.UWP", "ExpensesApp\ExpensesApp.UWP\ExpensesApp.UWP.csproj", "{A4E303C8-AF01-4FBE-B3B3-7B9225933DA2}"
EndProject
Project("{D954291E-2A0B-460D-934E-DC6B0785DB48}") = "ExpensesApp", "ExpensesApp\ExpensesApp\ExpensesApp.shproj", "{514965E3-D9B9-4F15-8A14-CDEAD50DBC8E}"
EndProject
Global
	GlobalSection(SharedMSBuildProjectFiles) = preSolution
		ExpensesApp\ExpensesApp\ExpensesApp.projitems*{219fe6c9-9e4b-44c7-b797-0e1e38c5fabc}*SharedItemsImports = 4
		ExpensesApp\ExpensesApp\ExpensesApp.projitems*{514965e3-d9b9-4f15-8a14-cdead50dbc8e}*SharedItemsImports = 13
		ExpensesApp\ExpensesApp\ExpensesApp.projitems*{a4e303c8-af01-4fbe-b3b3-7b9225933da2}*SharedItemsImports = 4
		ExpensesApp\ExpensesApp\ExpensesApp.projitems*{fb4e8b0a-2c4e-4450-8d79-b28e3192a246}*SharedItemsImports = 4
	EndGlobalSection
	GlobalSection(SolutionConfigurationPlatforms) = preSolution
		Ad-Hoc|Any CPU = Ad-Hoc|Any CPU
		Ad-Hoc|ARM = Ad-Hoc|ARM
		Ad-Hoc|iPhone = Ad-Hoc|iPhone
		Ad-Hoc|iPhoneSimulator = Ad-Hoc|iPhoneSimulator
		Ad-Hoc|x64 = Ad-Hoc|x64
		Ad-Hoc|x86 = Ad-Hoc|x86
		AppStore|Any CPU = AppStore|Any CPU
		AppStore|ARM = AppStore|ARM
		AppStore|iPhone = AppStore|iPhone
		AppStore|iPhoneSimulator = AppStore|iPhoneSimulator
		AppStore|x64 = AppStore|x64
		AppStore|x86 = AppStore|x86
		Debug|Any CPU = Debug|Any CPU
		Debug|ARM = Debug|ARM
		Debug|iPhone = Debug|iPhone
		Debug|iPhoneSimulator = Debug|iPhoneSimulator
		Debug|x64 = Debug|x64
		Debug|x86 = Debug|x86
		Release|Any CPU = Release|Any CPU
		Release|ARM = Release|ARM
		Release|iPhone = Release|iPhone
		Release|iPhoneSimulator = Release|iPhoneSimulator
		Release|x64 = Release|x64
		Release|x86 = Release|x86
	EndGlobalSection
	GlobalSection(ProjectConfigurationPlatforms) = postSolution
		{219FE6C9-9E4B-44C7-B797-0E1E38C5FABC}.Ad-Hoc|Any CPU.ActiveCfg = Release|Any CPU
		{219FE6C9-9E4B-44C7-B797-0E1E38C5FABC}.Ad-Hoc|Any CPU.Build.0 = Release|Any CPU
		{219FE6C9-9E4B-44C7-B797-0E1E38C5FABC}.Ad-Hoc|Any CPU.Deploy.0 = Release|Any CPU
		{219FE6C9-9E4B-44C7-B797-0E1E38C5FABC}.Ad-Hoc|ARM.ActiveCfg = Release|Any CPU
		{219FE6C9-9E4B-44C7-B797-0E1E38C5FABC}.Ad-Hoc|ARM.Build.0 = Release|Any CPU
		{219FE6C9-9E4B-44C7-B797-0E1E38C5FABC}.Ad-Hoc|ARM.Deploy.0 = Release|Any CPU
		{219FE6C9-9E4B-44C7-B797-0E1E38C5FABC}.Ad-Hoc|iPhone.ActiveCfg = Release|Any CPU
		{219FE6C9-9E4B-44C7-B797-0E1E38C5FABC}.Ad-Hoc|iPhone.Build.0 = Release|Any CPU
		{219FE6C9-9E4B-44C7-B797-0E1E38C5FABC}.Ad-Hoc|iPhone.Deploy.0 = Release|Any CPU
		{219FE6C9-9E4B-44C7-B797-0E1E38C5FABC}.Ad-Hoc|iPhoneSimulator.ActiveCfg = Release|Any CPU
		{219FE6C9-9E4B-44C7-B797-0E1E38C5FABC}.Ad-Hoc|iPhoneSimulator.Build.0 = Release|Any CPU
		{219FE6C9-9E4B-44C7-B797-0E1E38C5FABC}.Ad-Hoc|iPhoneSimulator.Deploy.0 = Release|Any CPU
		{219FE6C9-9E4B-44C7-B797-0E1E38C5FABC}.Ad-Hoc|x64.ActiveCfg = Release|Any CPU
		{219FE6C9-9E4B-44C7-B797-0E1E38C5FABC}.Ad-Hoc|x64.Build.0 = Release|Any CPU
		{219FE6C9-9E4B-44C7-B797-0E1E38C5FABC}.Ad-Hoc|x64.Deploy.0 = Release|Any CPU
		{219FE6C9-9E4B-44C7-B797-0E1E38C5FABC}.Ad-Hoc|x86.ActiveCfg = Release|Any CPU
		{219FE6C9-9E4B-44C7-B797-0E1E38C5FABC}.Ad-Hoc|x86.Build.0 = Release|Any CPU
		{219FE6C9-9E4B-44C7-B797-0E1E38C5FABC}.Ad-Hoc|x86.Deploy.0 = Release|Any CPU
		{219FE6C9-9E4B-44C7-B797-0E1E38C5FABC}.AppStore|Any CPU.ActiveCfg = Release|Any CPU
		{219FE6C9-9E4B-44C7-B797-0E1E38C5FABC}.AppStore|Any CPU.Build.0 = Release|Any CPU
		{219FE6C9-9E4B-44C7-B797-0E1E38C5FABC}.AppStore|Any CPU.Deploy.0 = Release|Any CPU
		{219FE6C9-9E4B-44C7-B797-0E1E38C5FABC}.AppStore|ARM.ActiveCfg = Release|Any CPU
		{219FE6C9-9E4B-44C7-B797-0E1E38C5FABC}.AppStore|ARM.Build.0 = Release|Any CPU
		{219FE6C9-9E4B-44C7-B797-0E1E38C5FABC}.AppStore|ARM.Deploy.0 = Release|Any CPU
		{219FE6C9-9E4B-44C7-B797-0E1E38C5FABC}.AppStore|iPhone.ActiveCfg = Release|Any CPU
		{219FE6C9-9E4B-44C7-B797-0E1E38C5FABC}.AppStore|iPhone.Build.0 = Release|Any CPU
		{219FE6C9-9E4B-44C7-B797-0E1E38C5FABC}.AppStore|iPhone.Deploy.0 = Release|Any CPU
		{219FE6C9-9E4B-44C7-B797-0E1E38C5FABC}.AppStore|iPhoneSimulator.ActiveCfg = Release|Any CPU
		{219FE6C9-9E4B-44C7-B797-0E1E38C5FABC}.AppStore|iPhoneSimulator.Build.0 = Release|Any CPU
		{219FE6C9-9E4B-44C7-B797-0E1E38C5FABC}.AppStore|iPhoneSimulator.Deploy.0 = Release|Any CPU
		{219FE6C9-9E4B-44C7-B797-0E1E38C5FABC}.AppStore|x64.ActiveCfg = Release|Any CPU
		{219FE6C9-9E4B-44C7-B797-0E1E38C5FABC}.AppStore|x64.Build.0 = Release|Any CPU
		{219FE6C9-9E4B-44C7-B797-0E1E38C5FABC}.AppStore|x64.Deploy.0 = Release|Any CPU
		{219FE6C9-9E4B-44C7-B797-0E1E38C5FABC}.AppStore|x86.ActiveCfg = Release|Any CPU
		{219FE6C9-9E4B-44C7-B797-0E1E38C5FABC}.AppStore|x86.Build.0 = Release|Any CPU
		{219FE6C9-9E4B-44C7-B797-0E1E38C5FABC}.AppStore|x86.Deploy.0 = Release|Any CPU
		{219FE6C9-9E4B-44C7-B797-0E1E38C5FABC}.Debug|Any CPU.ActiveCfg = Debug|Any CPU
		{219FE6C9-9E4B-44C7-B797-0E1E38C5FABC}.Debug|Any CPU.Build.0 = Debug|Any CPU
		{219FE6C9-9E4B-44C7-B797-0E1E38C5FABC}.Debug|Any CPU.Deploy.0 = Debug|Any CPU
		{219FE6C9-9E4B-44C7-B797-0E1E38C5FABC}.Debug|ARM.ActiveCfg = Debug|Any CPU
		{219FE6C9-9E4B-44C7-B797-0E1E38C5FABC}.Debug|ARM.Build.0 = Debug|Any CPU
		{219FE6C9-9E4B-44C7-B797-0E1E38C5FABC}.Debug|ARM.Deploy.0 = Debug|Any CPU
		{219FE6C9-9E4B-44C7-B797-0E1E38C5FABC}.Debug|iPhone.ActiveCfg = Debug|Any CPU
		{219FE6C9-9E4B-44C7-B797-0E1E38C5FABC}.Debug|iPhone.Build.0 = Debug|Any CPU
		{219FE6C9-9E4B-44C7-B797-0E1E38C5FABC}.Debug|iPhone.Deploy.0 = Debug|Any CPU
		{219FE6C9-9E4B-44C7-B797-0E1E38C5FABC}.Debug|iPhoneSimulator.ActiveCfg = Debug|Any CPU
		{219FE6C9-9E4B-44C7-B797-0E1E38C5FABC}.Debug|iPhoneSimulator.Build.0 = Debug|Any CPU
		{219FE6C9-9E4B-44C7-B797-0E1E38C5FABC}.Debug|iPhoneSimulator.Deploy.0 = Debug|Any CPU
		{219FE6C9-9E4B-44C7-B797-0E1E38C5FABC}.Debug|x64.ActiveCfg = Debug|Any CPU
		{219FE6C9-9E4B-44C7-B797-0E1E38C5FABC}.Debug|x64.Build.0 = Debug|Any CPU
		{219FE6C9-9E4B-44C7-B797-0E1E38C5FABC}.Debug|x64.Deploy.0 = Debug|Any CPU
		{219FE6C9-9E4B-44C7-B797-0E1E38C5FABC}.Debug|x86.ActiveCfg = Debug|Any CPU
		{219FE6C9-9E4B-44C7-B797-0E1E38C5FABC}.Debug|x86.Build.0 = Debug|Any CPU
		{219FE6C9-9E4B-44C7-B797-0E1E38C5FABC}.Debug|x86.Deploy.0 = Debug|Any CPU
		{219FE6C9-9E4B-44C7-B797-0E1E38C5FABC}.Release|Any CPU.ActiveCfg = Release|Any CPU
		{219FE6C9-9E4B-44C7-B797-0E1E38C5FABC}.Release|Any CPU.Build.0 = Release|Any CPU
		{219FE6C9-9E4B-44C7-B797-0E1E38C5FABC}.Release|Any CPU.Deploy.0 = Release|Any CPU
		{219FE6C9-9E4B-44C7-B797-0E1E38C5FABC}.Release|ARM.ActiveCfg = Release|Any CPU
		{219FE6C9-9E4B-44C7-B797-0E1E38C5FABC}.Release|ARM.Build.0 = Release|Any CPU
		{219FE6C9-9E4B-44C7-B797-0E1E38C5FABC}.Release|ARM.Deploy.0 = Release|Any CPU
		{219FE6C9-9E4B-44C7-B797-0E1E38C5FABC}.Release|iPhone.ActiveCfg = Release|Any CPU
		{219FE6C9-9E4B-44C7-B797-0E1E38C5FABC}.Release|iPhone.Build.0 = Release|Any CPU
		{219FE6C9-9E4B-44C7-B797-0E1E38C5FABC}.Release|iPhone.Deploy.0 = Release|Any CPU
		{219FE6C9-9E4B-44C7-B797-0E1E38C5FABC}.Release|iPhoneSimulator.ActiveCfg = Release|Any CPU
		{219FE6C9-9E4B-44C7-B797-0E1E38C5FABC}.Release|iPhoneSimulator.Build.0 = Release|Any CPU
		{219FE6C9-9E4B-44C7-B797-0E1E38C5FABC}.Release|iPhoneSimulator.Deploy.0 = Release|Any CPU
		{219FE6C9-9E4B-44C7-B797-0E1E38C5FABC}.Release|x64.ActiveCfg = Release|Any CPU
		{219FE6C9-9E4B-44C7-B797-0E1E38C5FABC}.Release|x64.Build.0 = Release|Any CPU
		{219FE6C9-9E4B-44C7-B797-0E1E38C5FABC}.Release|x64.Deploy.0 = Release|Any CPU
		{219FE6C9-9E4B-44C7-B797-0E1E38C5FABC}.Release|x86.ActiveCfg = Release|Any CPU
		{219FE6C9-9E4B-44C7-B797-0E1E38C5FABC}.Release|x86.Build.0 = Release|Any CPU
		{219FE6C9-9E4B-44C7-B797-0E1E38C5FABC}.Release|x86.Deploy.0 = Release|Any CPU
		{FB4E8B0A-2C4E-4450-8D79-B28E3192A246}.Ad-Hoc|Any CPU.ActiveCfg = Ad-Hoc|iPhone
		{FB4E8B0A-2C4E-4450-8D79-B28E3192A246}.Ad-Hoc|Any CPU.Build.0 = Ad-Hoc|iPhone
		{FB4E8B0A-2C4E-4450-8D79-B28E3192A246}.Ad-Hoc|Any CPU.Deploy.0 = Ad-Hoc|iPhone
		{FB4E8B0A-2C4E-4450-8D79-B28E3192A246}.Ad-Hoc|ARM.ActiveCfg = Ad-Hoc|iPhone
		{FB4E8B0A-2C4E-4450-8D79-B28E3192A246}.Ad-Hoc|ARM.Build.0 = Ad-Hoc|iPhone
		{FB4E8B0A-2C4E-4450-8D79-B28E3192A246}.Ad-Hoc|ARM.Deploy.0 = Ad-Hoc|iPhone
		{FB4E8B0A-2C4E-4450-8D79-B28E3192A246}.Ad-Hoc|iPhone.ActiveCfg = Ad-Hoc|iPhone
		{FB4E8B0A-2C4E-4450-8D79-B28E3192A246}.Ad-Hoc|iPhone.Build.0 = Ad-Hoc|iPhone
		{FB4E8B0A-2C4E-4450-8D79-B28E3192A246}.Ad-Hoc|iPhone.Deploy.0 = Ad-Hoc|iPhone
		{FB4E8B0A-2C4E-4450-8D79-B28E3192A246}.Ad-Hoc|iPhoneSimulator.ActiveCfg = Ad-Hoc|iPhoneSimulator
		{FB4E8B0A-2C4E-4450-8D79-B28E3192A246}.Ad-Hoc|iPhoneSimulator.Build.0 = Ad-Hoc|iPhoneSimulator
		{FB4E8B0A-2C4E-4450-8D79-B28E3192A246}.Ad-Hoc|iPhoneSimulator.Deploy.0 = Ad-Hoc|iPhoneSimulator
		{FB4E8B0A-2C4E-4450-8D79-B28E3192A246}.Ad-Hoc|x64.ActiveCfg = Ad-Hoc|iPhone
		{FB4E8B0A-2C4E-4450-8D79-B28E3192A246}.Ad-Hoc|x64.Build.0 = Ad-Hoc|iPhone
		{FB4E8B0A-2C4E-4450-8D79-B28E3192A246}.Ad-Hoc|x64.Deploy.0 = Ad-Hoc|iPhone
		{FB4E8B0A-2C4E-4450-8D79-B28E3192A246}.Ad-Hoc|x86.ActiveCfg = Ad-Hoc|iPhone
		{FB4E8B0A-2C4E-4450-8D79-B28E3192A246}.Ad-Hoc|x86.Build.0 = Ad-Hoc|iPhone
		{FB4E8B0A-2C4E-4450-8D79-B28E3192A246}.Ad-Hoc|x86.Deploy.0 = Ad-Hoc|iPhone
		{FB4E8B0A-2C4E-4450-8D79-B28E3192A246}.AppStore|Any CPU.ActiveCfg = AppStore|iPhone
		{FB4E8B0A-2C4E-4450-8D79-B28E3192A246}.AppStore|Any CPU.Build.0 = AppStore|iPhone
		{FB4E8B0A-2C4E-4450-8D79-B28E3192A246}.AppStore|Any CPU.Deploy.0 = AppStore|iPhone
		{FB4E8B0A-2C4E-4450-8D79-B28E3192A246}.AppStore|ARM.ActiveCfg = AppStore|iPhone
		{FB4E8B0A-2C4E-4450-8D79-B28E3192A246}.AppStore|ARM.Build.0 = AppStore|iPhone
		{FB4E8B0A-2C4E-4450-8D79-B28E3192A246}.AppStore|ARM.Deploy.0 = AppStore|iPhone
		{FB4E8B0A-2C4E-4450-8D79-B28E3192A246}.AppStore|iPhone.ActiveCfg = AppStore|iPhone
		{FB4E8B0A-2C4E-4450-8D79-B28E3192A246}.AppStore|iPhone.Build.0 = AppStore|iPhone
		{FB4E8B0A-2C4E-4450-8D79-B28E3192A246}.AppStore|iPhone.Deploy.0 = AppStore|iPhone
		{FB4E8B0A-2C4E-4450-8D79-B28E3192A246}.AppStore|iPhoneSimulator.ActiveCfg = AppStore|iPhoneSimulator
		{FB4E8B0A-2C4E-4450-8D79-B28E3192A246}.AppStore|iPhoneSimulator.Build.0 = AppStore|iPhoneSimulator
		{FB4E8B0A-2C4E-4450-8D79-B28E3192A246}.AppStore|iPhoneSimulator.Deploy.0 = AppStore|iPhoneSimulator
		{FB4E8B0A-2C4E-4450-8D79-B28E3192A246}.AppStore|x64.ActiveCfg = AppStore|iPhone
		{FB4E8B0A-2C4E-4450-8D79-B28E3192A246}.AppStore|x64.Build.0 = AppStore|iPhone
		{FB4E8B0A-2C4E-4450-8D79-B28E3192A246}.AppStore|x64.Deploy.0 = AppStore|iPhone
		{FB4E8B0A-2C4E-4450-8D79-B28E3192A246}.AppStore|x86.ActiveCfg = AppStore|iPhone
		{FB4E8B0A-2C4E-4450-8D79-B28E3192A246}.AppStore|x86.Build.0 = AppStore|iPhone
		{FB4E8B0A-2C4E-4450-8D79-B28E3192A246}.AppStore|x86.Deploy.0 = AppStore|iPhone
		{FB4E8B0A-2C4E-4450-8D79-B28E3192A246}.Debug|Any CPU.ActiveCfg = Debug|iPhoneSimulator
		{FB4E8B0A-2C4E-4450-8D79-B28E3192A246}.Debug|Any CPU.Build.0 = Debug|iPhoneSimulator
		{FB4E8B0A-2C4E-4450-8D79-B28E3192A246}.Debug|Any CPU.Deploy.0 = Debug|iPhoneSimulator
		{FB4E8B0A-2C4E-4450-8D79-B28E3192A246}.Debug|ARM.ActiveCfg = Debug|iPhone
		{FB4E8B0A-2C4E-4450-8D79-B28E3192A246}.Debug|ARM.Build.0 = Debug|iPhone
		{FB4E8B0A-2C4E-4450-8D79-B28E3192A246}.Debug|ARM.Deploy.0 = Debug|iPhone
		{FB4E8B0A-2C4E-4450-8D79-B28E3192A246}.Debug|iPhone.ActiveCfg = Debug|iPhone
		{FB4E8B0A-2C4E-4450-8D79-B28E3192A246}.Debug|iPhone.Build.0 = Debug|iPhone
		{FB4E8B0A-2C4E-4450-8D79-B28E3192A246}.Debug|iPhone.Deploy.0 = Debug|iPhone
		{FB4E8B0A-2C4E-4450-8D79-B28E3192A246}.Debug|iPhoneSimulator.ActiveCfg = Debug|iPhoneSimulator
		{FB4E8B0A-2C4E-4450-8D79-B28E3192A246}.Debug|iPhoneSimulator.Build.0 = Debug|iPhoneSimulator
		{FB4E8B0A-2C4E-4450-8D79-B28E3192A246}.Debug|iPhoneSimulator.Deploy.0 = Debug|iPhoneSimulator
		{FB4E8B0A-2C4E-4450-8D79-B28E3192A246}.Debug|x64.ActiveCfg = Debug|iPhone
		{FB4E8B0A-2C4E-4450-8D79-B28E3192A246}.Debug|x64.Build.0 = Debug|iPhone
		{FB4E8B0A-2C4E-4450-8D79-B28E3192A246}.Debug|x64.Deploy.0 = Debug|iPhone
		{FB4E8B0A-2C4E-4450-8D79-B28E3192A246}.Debug|x86.ActiveCfg = Debug|iPhone
		{FB4E8B0A-2C4E-4450-8D79-B28E3192A246}.Debug|x86.Build.0 = Debug|iPhone
		{FB4E8B0A-2C4E-4450-8D79-B28E3192A246}.Debug|x86.Deploy.0 = Debug|iPhone
		{FB4E8B0A-2C4E-4450-8D79-B28E3192A246}.Release|Any CPU.ActiveCfg = Release|iPhone
		{FB4E8B0A-2C4E-4450-8D79-B28E3192A246}.Release|Any CPU.Build.0 = Release|iPhone
		{FB4E8B0A-2C4E-4450-8D79-B28E3192A246}.Release|Any CPU.Deploy.0 = Release|iPhone
		{FB4E8B0A-2C4E-4450-8D79-B28E3192A246}.Release|ARM.ActiveCfg = Release|iPhone
		{FB4E8B0A-2C4E-4450-8D79-B28E3192A246}.Release|ARM.Build.0 = Release|iPhone
		{FB4E8B0A-2C4E-4450-8D79-B28E3192A246}.Release|ARM.Deploy.0 = Release|iPhone
		{FB4E8B0A-2C4E-4450-8D79-B28E3192A246}.Release|iPhone.ActiveCfg = Release|iPhone
		{FB4E8B0A-2C4E-4450-8D79-B28E3192A246}.Release|iPhone.Build.0 = Release|iPhone
		{FB4E8B0A-2C4E-4450-8D79-B28E3192A246}.Release|iPhone.Deploy.0 = Release|iPhone
		{FB4E8B0A-2C4E-4450-8D79-B28E3192A246}.Release|iPhoneSimulator.ActiveCfg = Release|iPhoneSimulator
		{FB4E8B0A-2C4E-4450-8D79-B28E3192A246}.Release|iPhoneSimulator.Build.0 = Release|iPhoneSimulator
		{FB4E8B0A-2C4E-4450-8D79-B28E3192A246}.Release|iPhoneSimulator.Deploy.0 = Release|iPhoneSimulator
		{FB4E8B0A-2C4E-4450-8D79-B28E3192A246}.Release|x64.ActiveCfg = Release|iPhone
		{FB4E8B0A-2C4E-4450-8D79-B28E3192A246}.Release|x64.Build.0 = Release|iPhone
		{FB4E8B0A-2C4E-4450-8D79-B28E3192A246}.Release|x64.Deploy.0 = Release|iPhone
		{FB4E8B0A-2C4E-4450-8D79-B28E3192A246}.Release|x86.ActiveCfg = Release|iPhone
		{FB4E8B0A-2C4E-4450-8D79-B28E3192A246}.Release|x86.Build.0 = Release|iPhone
		{FB4E8B0A-2C4E-4450-8D79-B28E3192A246}.Release|x86.Deploy.0 = Release|iPhone
		{A4E303C8-AF01-4FBE-B3B3-7B9225933DA2}.Ad-Hoc|Any CPU.ActiveCfg = Release|x86
		{A4E303C8-AF01-4FBE-B3B3-7B9225933DA2}.Ad-Hoc|Any CPU.Build.0 = Release|x86
		{A4E303C8-AF01-4FBE-B3B3-7B9225933DA2}.Ad-Hoc|Any CPU.Deploy.0 = Release|x86
		{A4E303C8-AF01-4FBE-B3B3-7B9225933DA2}.Ad-Hoc|ARM.ActiveCfg = Release|ARM
		{A4E303C8-AF01-4FBE-B3B3-7B9225933DA2}.Ad-Hoc|ARM.Build.0 = Release|ARM
		{A4E303C8-AF01-4FBE-B3B3-7B9225933DA2}.Ad-Hoc|ARM.Deploy.0 = Release|ARM
		{A4E303C8-AF01-4FBE-B3B3-7B9225933DA2}.Ad-Hoc|iPhone.ActiveCfg = Release|x86
		{A4E303C8-AF01-4FBE-B3B3-7B9225933DA2}.Ad-Hoc|iPhone.Build.0 = Release|x86
		{A4E303C8-AF01-4FBE-B3B3-7B9225933DA2}.Ad-Hoc|iPhone.Deploy.0 = Release|x86
		{A4E303C8-AF01-4FBE-B3B3-7B9225933DA2}.Ad-Hoc|iPhoneSimulator.ActiveCfg = Release|x86
		{A4E303C8-AF01-4FBE-B3B3-7B9225933DA2}.Ad-Hoc|iPhoneSimulator.Build.0 = Release|x86
		{A4E303C8-AF01-4FBE-B3B3-7B9225933DA2}.Ad-Hoc|iPhoneSimulator.Deploy.0 = Release|x86
		{A4E303C8-AF01-4FBE-B3B3-7B9225933DA2}.Ad-Hoc|x64.ActiveCfg = Release|x64
		{A4E303C8-AF01-4FBE-B3B3-7B9225933DA2}.Ad-Hoc|x64.Build.0 = Release|x64
		{A4E303C8-AF01-4FBE-B3B3-7B9225933DA2}.Ad-Hoc|x64.Deploy.0 = Release|x64
		{A4E303C8-AF01-4FBE-B3B3-7B9225933DA2}.Ad-Hoc|x86.ActiveCfg = Release|x86
		{A4E303C8-AF01-4FBE-B3B3-7B9225933DA2}.Ad-Hoc|x86.Build.0 = Release|x86
		{A4E303C8-AF01-4FBE-B3B3-7B9225933DA2}.Ad-Hoc|x86.Deploy.0 = Release|x86
		{A4E303C8-AF01-4FBE-B3B3-7B9225933DA2}.AppStore|Any CPU.ActiveCfg = Release|x86
		{A4E303C8-AF01-4FBE-B3B3-7B9225933DA2}.AppStore|Any CPU.Build.0 = Release|x86
		{A4E303C8-AF01-4FBE-B3B3-7B9225933DA2}.AppStore|Any CPU.Deploy.0 = Release|x86
		{A4E303C8-AF01-4FBE-B3B3-7B9225933DA2}.AppStore|ARM.ActiveCfg = Release|ARM
		{A4E303C8-AF01-4FBE-B3B3-7B9225933DA2}.AppStore|ARM.Build.0 = Release|ARM
		{A4E303C8-AF01-4FBE-B3B3-7B9225933DA2}.AppStore|ARM.Deploy.0 = Release|ARM
		{A4E303C8-AF01-4FBE-B3B3-7B9225933DA2}.AppStore|iPhone.ActiveCfg = Release|x86
		{A4E303C8-AF01-4FBE-B3B3-7B9225933DA2}.AppStore|iPhone.Build.0 = Release|x86
		{A4E303C8-AF01-4FBE-B3B3-7B9225933DA2}.AppStore|iPhone.Deploy.0 = Release|x86
		{A4E303C8-AF01-4FBE-B3B3-7B9225933DA2}.AppStore|iPhoneSimulator.ActiveCfg = Release|x86
		{A4E303C8-AF01-4FBE-B3B3-7B9225933DA2}.AppStore|iPhoneSimulator.Build.0 = Release|x86
		{A4E303C8-AF01-4FBE-B3B3-7B9225933DA2}.AppStore|iPhoneSimulator.Deploy.0 = Release|x86
		{A4E303C8-AF01-4FBE-B3B3-7B9225933DA2}.AppStore|x64.ActiveCfg = Release|x64
		{A4E303C8-AF01-4FBE-B3B3-7B9225933DA2}.AppStore|x64.Build.0 = Release|x64
		{A4E303C8-AF01-4FBE-B3B3-7B9225933DA2}.AppStore|x64.Deploy.0 = Release|x64
		{A4E303C8-AF01-4FBE-B3B3-7B9225933DA2}.AppStore|x86.ActiveCfg = Release|x86
		{A4E303C8-AF01-4FBE-B3B3-7B9225933DA2}.AppStore|x86.Build.0 = Release|x86
		{A4E303C8-AF01-4FBE-B3B3-7B9225933DA2}.AppStore|x86.Deploy.0 = Release|x86
		{A4E303C8-AF01-4FBE-B3B3-7B9225933DA2}.Debug|Any CPU.ActiveCfg = Debug|x86
		{A4E303C8-AF01-4FBE-B3B3-7B9225933DA2}.Debug|Any CPU.Build.0 = Debug|x86
		{A4E303C8-AF01-4FBE-B3B3-7B9225933DA2}.Debug|Any CPU.Deploy.0 = Debug|x86
		{A4E303C8-AF01-4FBE-B3B3-7B9225933DA2}.Debug|ARM.ActiveCfg = Debug|ARM
		{A4E303C8-AF01-4FBE-B3B3-7B9225933DA2}.Debug|ARM.Build.0 = Debug|ARM
		{A4E303C8-AF01-4FBE-B3B3-7B9225933DA2}.Debug|ARM.Deploy.0 = Debug|ARM
		{A4E303C8-AF01-4FBE-B3B3-7B9225933DA2}.Debug|iPhone.ActiveCfg = Debug|x86
		{A4E303C8-AF01-4FBE-B3B3-7B9225933DA2}.Debug|iPhone.Build.0 = Debug|x86
		{A4E303C8-AF01-4FBE-B3B3-7B9225933DA2}.Debug|iPhone.Deploy.0 = Debug|x86
		{A4E303C8-AF01-4FBE-B3B3-7B9225933DA2}.Debug|iPhoneSimulator.ActiveCfg = Debug|x86
		{A4E303C8-AF01-4FBE-B3B3-7B9225933DA2}.Debug|iPhoneSimulator.Build.0 = Debug|x86
		{A4E303C8-AF01-4FBE-B3B3-7B9225933DA2}.Debug|iPhoneSimulator.Deploy.0 = Debug|x86
		{A4E303C8-AF01-4FBE-B3B3-7B9225933DA2}.Debug|x64.ActiveCfg = Debug|x64
		{A4E303C8-AF01-4FBE-B3B3-7B9225933DA2}.Debug|x64.Build.0 = Debug|x64
		{A4E303C8-AF01-4FBE-B3B3-7B9225933DA2}.Debug|x64.Deploy.0 = Debug|x64
		{A4E303C8-AF01-4FBE-B3B3-7B9225933DA2}.Debug|x86.ActiveCfg = Debug|x86
		{A4E303C8-AF01-4FBE-B3B3-7B9225933DA2}.Debug|x86.Build.0 = Debug|x86
		{A4E303C8-AF01-4FBE-B3B3-7B9225933DA2}.Debug|x86.Deploy.0 = Debug|x86
		{A4E303C8-AF01-4FBE-B3B3-7B9225933DA2}.Release|Any CPU.ActiveCfg = Release|x86
		{A4E303C8-AF01-4FBE-B3B3-7B9225933DA2}.Release|Any CPU.Build.0 = Release|x86
		{A4E303C8-AF01-4FBE-B3B3-7B9225933DA2}.Release|Any CPU.Deploy.0 = Release|x86
		{A4E303C8-AF01-4FBE-B3B3-7B9225933DA2}.Release|ARM.ActiveCfg = Release|ARM
		{A4E303C8-AF01-4FBE-B3B3-7B9225933DA2}.Release|ARM.Build.0 = Release|ARM
		{A4E303C8-AF01-4FBE-B3B3-7B9225933DA2}.Release|ARM.Deploy.0 = Release|ARM
		{A4E303C8-AF01-4FBE-B3B3-7B9225933DA2}.Release|iPhone.ActiveCfg = Release|x86
		{A4E303C8-AF01-4FBE-B3B3-7B9225933DA2}.Release|iPhone.Build.0 = Release|x86
		{A4E303C8-AF01-4FBE-B3B3-7B9225933DA2}.Release|iPhone.Deploy.0 = Release|x86
		{A4E303C8-AF01-4FBE-B3B3-7B9225933DA2}.Release|iPhoneSimulator.ActiveCfg = Release|x86
		{A4E303C8-AF01-4FBE-B3B3-7B9225933DA2}.Release|iPhoneSimulator.Build.0 = Release|x86
		{A4E303C8-AF01-4FBE-B3B3-7B9225933DA2}.Release|iPhoneSimulator.Deploy.0 = Release|x86
		{A4E303C8-AF01-4FBE-B3B3-7B9225933DA2}.Release|x64.ActiveCfg = Release|x64
		{A4E303C8-AF01-4FBE-B3B3-7B9225933DA2}.Release|x64.Build.0 = Release|x64
		{A4E303C8-AF01-4FBE-B3B3-7B9225933DA2}.Release|x64.Deploy.0 = Release|x64
		{A4E303C8-AF01-4FBE-B3B3-7B9225933DA2}.Release|x86.ActiveCfg = Release|x86
		{A4E303C8-AF01-4FBE-B3B3-7B9225933DA2}.Release|x86.Build.0 = Release|x86
		{A4E303C8-AF01-4FBE-B3B3-7B9225933DA2}.Release|x86.Deploy.0 = Release|x86
	EndGlobalSection
	GlobalSection(SolutionProperties) = preSolution
		HideSolutionNode = FALSE
	EndGlobalSection
	GlobalSection(ExtensibilityGlobals) = postSolution
		SolutionGuid = {B82E698F-DFA3-41B1-BCD8-27DAC470CAD2}
	EndGlobalSection
EndGlobal
